<?xml version="1.0" encoding="utf-8"?>
<Project ToolsVersion="4.0" xmlns="http://schemas.microsoft.com/developer/msbuild/2003">
  <ItemGroup>
    <Filter Include="include">
      <UniqueIdentifier>{89AF369E-F58E-B539-FEA6-40106A051C9B}</UniqueIdentifier>
    </Filter>
    <Filter Include="include\hippo">
      <UniqueIdentifier>{585B60A5-C41B-DCDB-8D56-2559F9D520B8}</UniqueIdentifier>
    </Filter>
    <Filter Include="include\hippo\core">
      <UniqueIdentifier>{D0E2A117-BCC6-626D-2527-5DC0112A4DEF}</UniqueIdentifier>
    </Filter>
    <Filter Include="include\hippo\managers">
      <UniqueIdentifier>{55FCF603-41F6-1F56-2A63-B66616FC85C2}</UniqueIdentifier>
    </Filter>
    <Filter Include="src">
      <UniqueIdentifier>{2DAB880B-99B4-887C-2230-9F7C8E38947C}</UniqueIdentifier>
    </Filter>
    <Filter Include="src\core">
      <UniqueIdentifier>{C55F2ECF-B12C-89DA-DA45-7782C671BE68}</UniqueIdentifier>
    </Filter>
    <Filter Include="src\managers">
      <UniqueIdentifier>{CAEBB276-B64E-421B-5FD4-7AD14B160E9E}</UniqueIdentifier>
    </Filter>
  </ItemGroup>
  <ItemGroup>
    <ClInclude Include="include\hippo\core\window.h">
      <Filter>include\hippo\core</Filter>
    </ClInclude>
    <ClInclude Include="include\hippo\engine.h">
      <Filter>include\hippo</Filter>
    </ClInclude>
    <ClInclude Include="include\hippo\log.h">
      <Filter>include\hippo</Filter>
    </ClInclude>
    <ClInclude Include="include\hippo\managers\logmanager.h">
      <Filter>include\hippo\managers</Filter>
    </ClInclude>
    <ClInclude Include="include\hippo\graphics\mesh.h" />
    <ClInclude Include="include\hippo\graphics\shader.h" />
    <ClInclude Include="include\hippo\graphics\rendercommands.h" />
  </ItemGroup>
  <ItemGroup>
    <ClCompile Include="src\core\window.cpp">
      <Filter>src\core</Filter>
    </ClCompile>
    <ClCompile Include="src\engine.cpp">
      <Filter>src</Filter>
    </ClCompile>
    <ClCompile Include="src\managers\logmanager.cpp">
      <Filter>src\managers</Filter>
    </ClCompile>
    <ClCompile Include="src\graphics\mesh.cpp" />
    <ClCompile Include="src\graphics\shader.cpp" />
    <ClCompile Include="src\graphics\rendercommands.cpp" />
  </ItemGroup>
</Project>